// !$*UTF8*$!
{
	archiveVersion = 1;
	classes = {
	};
	objectVersion = 56;
	objects = {

/* Begin PBXBuildFile section */
		1D90F4542CB5A58F00DD3DC3 /* AppDelegate.swift in Sources */ = {isa = PBXBuildFile; fileRef = 1D90F4532CB5A58F00DD3DC3 /* AppDelegate.swift */; };
		1D90F45D2CB5A59000DD3DC3 /* Assets.xcassets in Resources */ = {isa = PBXBuildFile; fileRef = 1D90F45C2CB5A59000DD3DC3 /* Assets.xcassets */; };
		1D90F4602CB5A59000DD3DC3 /* Base in Resources */ = {isa = PBXBuildFile; fileRef = 1D90F45F2CB5A59000DD3DC3 /* Base */; };
		1D90F46E2CB5AAAD00DD3DC3 /* Colors.xcassets in Resources */ = {isa = PBXBuildFile; fileRef = 1D90F46D2CB5AAAD00DD3DC3 /* Colors.xcassets */; };
		1D90F4722CB5AC3300DD3DC3 /* LoginScreenViewController.swift in Sources */ = {isa = PBXBuildFile; fileRef = 1D90F4712CB5AC3300DD3DC3 /* LoginScreenViewController.swift */; };
		1D90F4742CB5AC3D00DD3DC3 /* LoginScreen.storyboard in Resources */ = {isa = PBXBuildFile; fileRef = 1D90F4732CB5AC3D00DD3DC3 /* LoginScreen.storyboard */; };
		1D90F4762CB5AC4900DD3DC3 /* HomeScreen.storyboard in Resources */ = {isa = PBXBuildFile; fileRef = 1D90F4752CB5AC4900DD3DC3 /* HomeScreen.storyboard */; };
		1D90F4782CB5AC5800DD3DC3 /* HomeScreenViewController.swift in Sources */ = {isa = PBXBuildFile; fileRef = 1D90F4772CB5AC5800DD3DC3 /* HomeScreenViewController.swift */; };
		1D90F47A2CB5AD1200DD3DC3 /* EnjoyViewController.swift in Sources */ = {isa = PBXBuildFile; fileRef = 1D90F4792CB5AD1200DD3DC3 /* EnjoyViewController.swift */; };
		1D90F47C2CB5AD2A00DD3DC3 /* Storyboarded.swift in Sources */ = {isa = PBXBuildFile; fileRef = 1D90F47B2CB5AD2A00DD3DC3 /* Storyboarded.swift */; };
/* End PBXBuildFile section */

/* Begin PBXFileReference section */
		1D90F4502CB5A58F00DD3DC3 /* Enjoy_Cafe2K24.app */ = {isa = PBXFileReference; explicitFileType = wrapper.application; includeInIndex = 0; path = Enjoy_Cafe2K24.app; sourceTree = BUILT_PRODUCTS_DIR; };
		1D90F4532CB5A58F00DD3DC3 /* AppDelegate.swift */ = {isa = PBXFileReference; lastKnownFileType = sourcecode.swift; path = AppDelegate.swift; sourceTree = "<group>"; };
		1D90F45C2CB5A59000DD3DC3 /* Assets.xcassets */ = {isa = PBXFileReference; lastKnownFileType = folder.assetcatalog; path = Assets.xcassets; sourceTree = "<group>"; };
		1D90F45F2CB5A59000DD3DC3 /* Base */ = {isa = PBXFileReference; lastKnownFileType = file.storyboard; name = Base; path = Base.lproj/LaunchScreen.storyboard; sourceTree = "<group>"; };
		1D90F4612CB5A59000DD3DC3 /* Info.plist */ = {isa = PBXFileReference; lastKnownFileType = text.plist.xml; path = Info.plist; sourceTree = "<group>"; };
		1D90F46D2CB5AAAD00DD3DC3 /* Colors.xcassets */ = {isa = PBXFileReference; lastKnownFileType = folder.assetcatalog; path = Colors.xcassets; sourceTree = "<group>"; };
		1D90F4712CB5AC3300DD3DC3 /* LoginScreenViewController.swift */ = {isa = PBXFileReference; lastKnownFileType = sourcecode.swift; path = LoginScreenViewController.swift; sourceTree = "<group>"; };
		1D90F4732CB5AC3D00DD3DC3 /* LoginScreen.storyboard */ = {isa = PBXFileReference; lastKnownFileType = file.storyboard; path = LoginScreen.storyboard; sourceTree = "<group>"; };
		1D90F4752CB5AC4900DD3DC3 /* HomeScreen.storyboard */ = {isa = PBXFileReference; lastKnownFileType = file.storyboard; path = HomeScreen.storyboard; sourceTree = "<group>"; };
		1D90F4772CB5AC5800DD3DC3 /* HomeScreenViewController.swift */ = {isa = PBXFileReference; lastKnownFileType = sourcecode.swift; path = HomeScreenViewController.swift; sourceTree = "<group>"; };
		1D90F4792CB5AD1200DD3DC3 /* EnjoyViewController.swift */ = {isa = PBXFileReference; lastKnownFileType = sourcecode.swift; path = EnjoyViewController.swift; sourceTree = "<group>"; };
		1D90F47B2CB5AD2A00DD3DC3 /* Storyboarded.swift */ = {isa = PBXFileReference; lastKnownFileType = sourcecode.swift; path = Storyboarded.swift; sourceTree = "<group>"; };
/* End PBXFileReference section */

/* Begin PBXFrameworksBuildPhase section */
		1D90F44D2CB5A58F00DD3DC3 /* Frameworks */ = {
			isa = PBXFrameworksBuildPhase;
			buildActionMask = 2147483647;
			files = (
			);
			runOnlyForDeploymentPostprocessing = 0;
		};
/* End PBXFrameworksBuildPhase section */

/* Begin PBXGroup section */
		1D90F4472CB5A58F00DD3DC3 = {
			isa = PBXGroup;
			children = (
				1D90F4522CB5A58F00DD3DC3 /* Enjoy_Cafe2K24 */,
				1D90F4512CB5A58F00DD3DC3 /* Products */,
			);
			sourceTree = "<group>";
		};
		1D90F4512CB5A58F00DD3DC3 /* Products */ = {
			isa = PBXGroup;
			children = (
				1D90F4502CB5A58F00DD3DC3 /* Enjoy_Cafe2K24.app */,
			);
			name = Products;
			sourceTree = "<group>";
		};
		1D90F4522CB5A58F00DD3DC3 /* Enjoy_Cafe2K24 */ = {
			isa = PBXGroup;
			children = (
				1D90F4672CB5A76B00DD3DC3 /* Application */,
				1D90F4682CB5A78000DD3DC3 /* Helpers */,
				1D90F4692CB5A7D900DD3DC3 /* Models */,
				1D90F46A2CB5A7E000DD3DC3 /* Views */,
				1D90F46B2CB5A7E900DD3DC3 /* ViewModels */,
				1D90F46C2CB5A7F500DD3DC3 /* Resources */,
				1D90F4612CB5A59000DD3DC3 /* Info.plist */,
			);
			path = Enjoy_Cafe2K24;
			sourceTree = "<group>";
		};
		1D90F4672CB5A76B00DD3DC3 /* Application */ = {
			isa = PBXGroup;
			children = (
				1D90F4532CB5A58F00DD3DC3 /* AppDelegate.swift */,
			);
			path = Application;
			sourceTree = "<group>";
		};
		1D90F4682CB5A78000DD3DC3 /* Helpers */ = {
			isa = PBXGroup;
			children = (
				1D90F4792CB5AD1200DD3DC3 /* EnjoyViewController.swift */,
				1D90F47B2CB5AD2A00DD3DC3 /* Storyboarded.swift */,
			);
			path = Helpers;
			sourceTree = "<group>";
		};
		1D90F4692CB5A7D900DD3DC3 /* Models */ = {
			isa = PBXGroup;
			children = (
			);
			path = Models;
			sourceTree = "<group>";
		};
		1D90F46A2CB5A7E000DD3DC3 /* Views */ = {
			isa = PBXGroup;
			children = (
				1D90F46F2CB5AB8A00DD3DC3 /* LoginScreenModule */,
				1D90F4702CB5ABB300DD3DC3 /* HomeScreenModule */,
				1D90F45E2CB5A59000DD3DC3 /* LaunchScreen.storyboard */,
			);
			path = Views;
			sourceTree = "<group>";
		};
		1D90F46B2CB5A7E900DD3DC3 /* ViewModels */ = {
			isa = PBXGroup;
			children = (
			);
			path = ViewModels;
			sourceTree = "<group>";
		};
		1D90F46C2CB5A7F500DD3DC3 /* Resources */ = {
			isa = PBXGroup;
			children = (
				1D90F45C2CB5A59000DD3DC3 /* Assets.xcassets */,
				1D90F46D2CB5AAAD00DD3DC3 /* Colors.xcassets */,
			);
			path = Resources;
			sourceTree = "<group>";
		};
		1D90F46F2CB5AB8A00DD3DC3 /* LoginScreenModule */ = {
			isa = PBXGroup;
			children = (
				1D90F4732CB5AC3D00DD3DC3 /* LoginScreen.storyboard */,
				1D90F4712CB5AC3300DD3DC3 /* LoginScreenViewController.swift */,
			);
			path = LoginScreenModule;
			sourceTree = "<group>";
		};
		1D90F4702CB5ABB300DD3DC3 /* HomeScreenModule */ = {
			isa = PBXGroup;
			children = (
				1D90F4752CB5AC4900DD3DC3 /* HomeScreen.storyboard */,
				1D90F4772CB5AC5800DD3DC3 /* HomeScreenViewController.swift */,
			);
			path = HomeScreenModule;
			sourceTree = "<group>";
		};
/* End PBXGroup section */

/* Begin PBXNativeTarget section */
		1D90F44F2CB5A58F00DD3DC3 /* Enjoy_Cafe2K24 */ = {
			isa = PBXNativeTarget;
			buildConfigurationList = 1D90F4642CB5A59000DD3DC3 /* Build configuration list for PBXNativeTarget "Enjoy_Cafe2K24" */;
			buildPhases = (
				1D90F44C2CB5A58F00DD3DC3 /* Sources */,
				1D90F44D2CB5A58F00DD3DC3 /* Frameworks */,
				1D90F44E2CB5A58F00DD3DC3 /* Resources */,
			);
			buildRules = (
			);
			dependencies = (
			);
			name = Enjoy_Cafe2K24;
			productName = Enjoy_Cafe2K24;
			productReference = 1D90F4502CB5A58F00DD3DC3 /* Enjoy_Cafe2K24.app */;
			productType = "com.apple.product-type.application";
		};
/* End PBXNativeTarget section */

/* Begin PBXProject section */
		1D90F4482CB5A58F00DD3DC3 /* Project object */ = {
			isa = PBXProject;
			attributes = {
				BuildIndependentTargetsInParallel = 1;
				LastSwiftUpdateCheck = 1540;
				LastUpgradeCheck = 1540;
				TargetAttributes = {
					1D90F44F2CB5A58F00DD3DC3 = {
						CreatedOnToolsVersion = 15.4;
					};
				};
			};
			buildConfigurationList = 1D90F44B2CB5A58F00DD3DC3 /* Build configuration list for PBXProject "Enjoy_Cafe2K24" */;
			compatibilityVersion = "Xcode 14.0";
			developmentRegion = en;
			hasScannedForEncodings = 0;
			knownRegions = (
				en,
				Base,
			);
			mainGroup = 1D90F4472CB5A58F00DD3DC3;
			productRefGroup = 1D90F4512CB5A58F00DD3DC3 /* Products */;
			projectDirPath = "";
			projectRoot = "";
			targets = (
				1D90F44F2CB5A58F00DD3DC3 /* Enjoy_Cafe2K24 */,
			);
		};
/* End PBXProject section */

/* Begin PBXResourcesBuildPhase section */
		1D90F44E2CB5A58F00DD3DC3 /* Resources */ = {
			isa = PBXResourcesBuildPhase;
			buildActionMask = 2147483647;
			files = (
				1D90F4762CB5AC4900DD3DC3 /* HomeScreen.storyboard in Resources */,
				1D90F46E2CB5AAAD00DD3DC3 /* Colors.xcassets in Resources */,
				1D90F45D2CB5A59000DD3DC3 /* Assets.xcassets in Resources */,
				1D90F4742CB5AC3D00DD3DC3 /* LoginScreen.storyboard in Resources */,
				1D90F4602CB5A59000DD3DC3 /* Base in Resources */,
			);
			runOnlyForDeploymentPostprocessing = 0;
		};
/* End PBXResourcesBuildPhase section */

/* Begin PBXSourcesBuildPhase section */
		1D90F44C2CB5A58F00DD3DC3 /* Sources */ = {
			isa = PBXSourcesBuildPhase;
			buildActionMask = 2147483647;
			files = (
				1D90F47A2CB5AD1200DD3DC3 /* EnjoyViewController.swift in Sources */,
				1D90F4722CB5AC3300DD3DC3 /* LoginScreenViewController.swift in Sources */,
				1D90F47C2CB5AD2A00DD3DC3 /* Storyboarded.swift in Sources */,
				1D90F4542CB5A58F00DD3DC3 /* AppDelegate.swift in Sources */,
				1D90F4782CB5AC5800DD3DC3 /* HomeScreenViewController.swift in Sources */,
			);
			runOnlyForDeploymentPostprocessing = 0;
		};
/* End PBXSourcesBuildPhase section */

/* Begin PBXVariantGroup section */
		1D90F45E2CB5A59000DD3DC3 /* LaunchScreen.storyboard */ = {
			isa = PBXVariantGroup;
			children = (
				1D90F45F2CB5A59000DD3DC3 /* Base */,
			);
			name = LaunchScreen.storyboard;
			sourceTree = "<group>";
		};
/* End PBXVariantGroup section */

/* Begin XCBuildConfiguration section */
		1D90F4622CB5A59000DD3DC3 /* Debug */ = {
			isa = XCBuildConfiguration;
			buildSettings = {
				ALWAYS_SEARCH_USER_PATHS = NO;
				ASSETCATALOG_COMPILER_GENERATE_SWIFT_ASSET_SYMBOL_EXTENSIONS = YES;
				CLANG_ANALYZER_NONNULL = YES;
				CLANG_ANALYZER_NUMBER_OBJECT_CONVERSION = YES_AGGRESSIVE;
				CLANG_CXX_LANGUAGE_STANDARD = "gnu++20";
				CLANG_ENABLE_MODULES = YES;
				CLANG_ENABLE_OBJC_ARC = YES;
				CLANG_ENABLE_OBJC_WEAK = YES;
				CLANG_WARN_BLOCK_CAPTURE_AUTORELEASING = YES;
				CLANG_WARN_BOOL_CONVERSION = YES;
				CLANG_WARN_COMMA = YES;
				CLANG_WARN_CONSTANT_CONVERSION = YES;
				CLANG_WARN_DEPRECATED_OBJC_IMPLEMENTATIONS = YES;
				CLANG_WARN_DIRECT_OBJC_ISA_USAGE = YES_ERROR;
				CLANG_WARN_DOCUMENTATION_COMMENTS = YES;
				CLANG_WARN_EMPTY_BODY = YES;
				CLANG_WARN_ENUM_CONVERSION = YES;
				CLANG_WARN_INFINITE_RECURSION = YES;
				CLANG_WARN_INT_CONVERSION = YES;
				CLANG_WARN_NON_LITERAL_NULL_CONVERSION = YES;
				CLANG_WARN_OBJC_IMPLICIT_RETAIN_SELF = YES;
				CLANG_WARN_OBJC_LITERAL_CONVERSION = YES;
				CLANG_WARN_OBJC_ROOT_CLASS = YES_ERROR;
				CLANG_WARN_QUOTED_INCLUDE_IN_FRAMEWORK_HEADER = YES;
				CLANG_WARN_RANGE_LOOP_ANALYSIS = YES;
				CLANG_WARN_STRICT_PROTOTYPES = YES;
				CLANG_WARN_SUSPICIOUS_MOVE = YES;
				CLANG_WARN_UNGUARDED_AVAILABILITY = YES_AGGRESSIVE;
				CLANG_WARN_UNREACHABLE_CODE = YES;
				CLANG_WARN__DUPLICATE_METHOD_MATCH = YES;
				COPY_PHASE_STRIP = NO;
				DEBUG_INFORMATION_FORMAT = dwarf;
				ENABLE_STRICT_OBJC_MSGSEND = YES;
				ENABLE_TESTABILITY = YES;
				ENABLE_USER_SCRIPT_SANDBOXING = YES;
				GCC_C_LANGUAGE_STANDARD = gnu17;
				GCC_DYNAMIC_NO_PIC = NO;
				GCC_NO_COMMON_BLOCKS = YES;
				GCC_OPTIMIZATION_LEVEL = 0;
				GCC_PREPROCESSOR_DEFINITIONS = (
					"DEBUG=1",
					"$(inherited)",
				);
				GCC_WARN_64_TO_32_BIT_CONVERSION = YES;
				GCC_WARN_ABOUT_RETURN_TYPE = YES_ERROR;
				GCC_WARN_UNDECLARED_SELECTOR = YES;
				GCC_WARN_UNINITIALIZED_AUTOS = YES_AGGRESSIVE;
				GCC_WARN_UNUSED_FUNCTION = YES;
				GCC_WARN_UNUSED_VARIABLE = YES;
				IPHONEOS_DEPLOYMENT_TARGET = 17.5;
				LOCALIZATION_PREFERS_STRING_CATALOGS = YES;
				MTL_ENABLE_DEBUG_INFO = INCLUDE_SOURCE;
				MTL_FAST_MATH = YES;
				ONLY_ACTIVE_ARCH = YES;
				SDKROOT = iphoneos;
				SWIFT_ACTIVE_COMPILATION_CONDITIONS = "DEBUG $(inherited)";
				SWIFT_OPTIMIZATION_LEVEL = "-Onone";
			};
			name = Debug;
		};
		1D90F4632CB5A59000DD3DC3 /* Release */ = {
			isa = XCBuildConfiguration;
			buildSettings = {
				ALWAYS_SEARCH_USER_PATHS = NO;
				ASSETCATALOG_COMPILER_GENERATE_SWIFT_ASSET_SYMBOL_EXTENSIONS = YES;
				CLANG_ANALYZER_NONNULL = YES;
				CLANG_ANALYZER_NUMBER_OBJECT_CONVERSION = YES_AGGRESSIVE;
				CLANG_CXX_LANGUAGE_STANDARD = "gnu++20";
				CLANG_ENABLE_MODULES = YES;
				CLANG_ENABLE_OBJC_ARC = YES;
				CLANG_ENABLE_OBJC_WEAK = YES;
				CLANG_WARN_BLOCK_CAPTURE_AUTORELEASING = YES;
				CLANG_WARN_BOOL_CONVERSION = YES;
				CLANG_WARN_COMMA = YES;
				CLANG_WARN_CONSTANT_CONVERSION = YES;
				CLANG_WARN_DEPRECATED_OBJC_IMPLEMENTATIONS = YES;
				CLANG_WARN_DIRECT_OBJC_ISA_USAGE = YES_ERROR;
				CLANG_WARN_DOCUMENTATION_COMMENTS = YES;
				CLANG_WARN_EMPTY_BODY = YES;
				CLANG_WARN_ENUM_CONVERSION = YES;
				CLANG_WARN_INFINITE_RECURSION = YES;
				CLANG_WARN_INT_CONVERSION = YES;
				CLANG_WARN_NON_LITERAL_NULL_CONVERSION = YES;
				CLANG_WARN_OBJC_IMPLICIT_RETAIN_SELF = YES;
				CLANG_WARN_OBJC_LITERAL_CONVERSION = YES;
				CLANG_WARN_OBJC_ROOT_CLASS = YES_ERROR;
				CLANG_WARN_QUOTED_INCLUDE_IN_FRAMEWORK_HEADER = YES;
				CLANG_WARN_RANGE_LOOP_ANALYSIS = YES;
				CLANG_WARN_STRICT_PROTOTYPES = YES;
				CLANG_WARN_SUSPICIOUS_MOVE = YES;
				CLANG_WARN_UNGUARDED_AVAILABILITY = YES_AGGRESSIVE;
				CLANG_WARN_UNREACHABLE_CODE = YES;
				CLANG_WARN__DUPLICATE_METHOD_MATCH = YES;
				COPY_PHASE_STRIP = NO;
				DEBUG_INFORMATION_FORMAT = "dwarf-with-dsym";
				ENABLE_NS_ASSERTIONS = NO;
				ENABLE_STRICT_OBJC_MSGSEND = YES;
				ENABLE_USER_SCRIPT_SANDBOXING = YES;
				GCC_C_LANGUAGE_STANDARD = gnu17;
				GCC_NO_COMMON_BLOCKS = YES;
				GCC_WARN_64_TO_32_BIT_CONVERSION = YES;
				GCC_WARN_ABOUT_RETURN_TYPE = YES_ERROR;
				GCC_WARN_UNDECLARED_SELECTOR = YES;
				GCC_WARN_UNINITIALIZED_AUTOS = YES_AGGRESSIVE;
				GCC_WARN_UNUSED_FUNCTION = YES;
				GCC_WARN_UNUSED_VARIABLE = YES;
				IPHONEOS_DEPLOYMENT_TARGET = 17.5;
				LOCALIZATION_PREFERS_STRING_CATALOGS = YES;
				MTL_ENABLE_DEBUG_INFO = NO;
				MTL_FAST_MATH = YES;
				SDKROOT = iphoneos;
				SWIFT_COMPILATION_MODE = wholemodule;
				VALIDATE_PRODUCT = YES;
			};
			name = Release;
		};
		1D90F4652CB5A59000DD3DC3 /* Debug */ = {
			isa = XCBuildConfiguration;
			buildSettings = {
				ASSETCATALOG_COMPILER_APPICON_NAME = AppIcon;
				ASSETCATALOG_COMPILER_GLOBAL_ACCENT_COLOR_NAME = AccentColor;
				CODE_SIGN_STYLE = Automatic;
				CURRENT_PROJECT_VERSION = 1;
				DEVELOPMENT_TEAM = S727C47Y77;
				GENERATE_INFOPLIST_FILE = YES;
				INFOPLIST_FILE = Enjoy_Cafe2K24/Info.plist;
				INFOPLIST_KEY_UIApplicationSupportsIndirectInputEvents = YES;
				INFOPLIST_KEY_UILaunchStoryboardName = LaunchScreen;
				INFOPLIST_KEY_UISupportedInterfaceOrientations_iPad = "UIInterfaceOrientationPortrait UIInterfaceOrientationPortraitUpsideDown UIInterfaceOrientationLandscapeLeft UIInterfaceOrientationLandscapeRight";
				INFOPLIST_KEY_UISupportedInterfaceOrientations_iPhone = "UIInterfaceOrientationPortrait UIInterfaceOrientationLandscapeLeft UIInterfaceOrientationLandscapeRight";
				LD_RUNPATH_SEARCH_PATHS = (
					"$(inherited)",
					"@executable_path/Frameworks",
				);
				MARKETING_VERSION = 1.0;
				PRODUCT_BUNDLE_IDENTIFIER = "com.mycreationcollections.Enjoy-Cafe2K24";
				PRODUCT_NAME = "$(TARGET_NAME)";
				SWIFT_EMIT_LOC_STRINGS = YES;
				SWIFT_VERSION = 5.0;
				TARGETED_DEVICE_FAMILY = "1,2";
			};
			name = Debug;
		};
		1D90F4662CB5A59000DD3DC3 /* Release */ = {
			isa = XCBuildConfiguration;
			buildSettings = {
				ASSETCATALOG_COMPILER_APPICON_NAME = AppIcon;
				ASSETCATALOG_COMPILER_GLOBAL_ACCENT_COLOR_NAME = AccentColor;
				CODE_SIGN_STYLE = Automatic;
				CURRENT_PROJECT_VERSION = 1;
				DEVELOPMENT_TEAM = S727C47Y77;
				GENERATE_INFOPLIST_FILE = YES;
				INFOPLIST_FILE = Enjoy_Cafe2K24/Info.plist;
				INFOPLIST_KEY_UIApplicationSupportsIndirectInputEvents = YES;
				INFOPLIST_KEY_UILaunchStoryboardName = LaunchScreen;
				INFOPLIST_KEY_UISupportedInterfaceOrientations_iPad = "UIInterfaceOrientationPortrait UIInterfaceOrientationPortraitUpsideDown UIInterfaceOrientationLandscapeLeft UIInterfaceOrientationLandscapeRight";
				INFOPLIST_KEY_UISupportedInterfaceOrientations_iPhone = "UIInterfaceOrientationPortrait UIInterfaceOrientationLandscapeLeft UIInterfaceOrientationLandscapeRight";
				LD_RUNPATH_SEARCH_PATHS = (
					"$(inherited)",
					"@executable_path/Frameworks",
				);
				MARKETING_VERSION = 1.0;
				PRODUCT_BUNDLE_IDENTIFIER = "com.mycreationcollections.Enjoy-Cafe2K24";
				PRODUCT_NAME = "$(TARGET_NAME)";
				SWIFT_EMIT_LOC_STRINGS = YES;
				SWIFT_VERSION = 5.0;
				TARGETED_DEVICE_FAMILY = "1,2";
			};
			name = Release;
		};
/* End XCBuildConfiguration section */

/* Begin XCConfigurationList section */
		1D90F44B2CB5A58F00DD3DC3 /* Build configuration list for PBXProject "Enjoy_Cafe2K24" */ = {
			isa = XCConfigurationList;
			buildConfigurations = (
				1D90F4622CB5A59000DD3DC3 /* Debug */,
				1D90F4632CB5A59000DD3DC3 /* Release */,
			);
			defaultConfigurationIsVisible = 0;
			defaultConfigurationName = Release;
		};
		1D90F4642CB5A59000DD3DC3 /* Build configuration list for PBXNativeTarget "Enjoy_Cafe2K24" */ = {
			isa = XCConfigurationList;
			buildConfigurations = (
				1D90F4652CB5A59000DD3DC3 /* Debug */,
				1D90F4662CB5A59000DD3DC3 /* Release */,
			);
			defaultConfigurationIsVisible = 0;
			defaultConfigurationName = Release;
		};
/* End XCConfigurationList section */
	};
	rootObject = 1D90F4482CB5A58F00DD3DC3 /* Project object */;
}
